
Microsoft Visual Studio Solution File, Format Version 12.00
# Visual Studio Version 16
VisualStudioVersion = 16.0.31402.337
MinimumVisualStudioVersion = 10.0.40219.1
Project("{FAE04EC0-301F-11D3-BF4B-00C04F79EFBC}") = "Smtpzone", "MailMax\Smtpzone.csproj", "{0211FBBB-8180-4388-A04B-2A4C80F2F055}"
EndProject
Global
	GlobalSection(SolutionConfigurationPlatforms) = preSolution
		Debug|Any CPU = Debug|Any CPU
		Release|Any CPU = Release|Any CPU
	EndGlobalSection
	GlobalSection(ProjectConfigurationPlatforms) = postSolution
		{0211FBBB-8180-4388-A04B-2A4C80F2F055}.Debug|Any CPU.ActiveCfg = Debug|Any CPU
		{0211FBBB-8180-4388-A04B-2A4C80F2F055}.Debug|Any CPU.Build.0 = Debug|Any CPU
		{0211FBBB-8180-4388-A04B-2A4C80F2F055}.Release|Any CPU.ActiveCfg = Release|Any CPU
		{0211FBBB-8180-4388-A04B-2A4C80F2F055}.Release|Any CPU.Build.0 = Release|Any CPU
	EndGlobalSection
	GlobalSection(SolutionProperties) = preSolution
		HideSolutionNode = FALSE
	EndGlobalSection
	GlobalSection(ExtensibilityGlobals) = postSolution
		SolutionGuid = {379FC781-23A6-449D-ADA7-D6CC05695A58}
	EndGlobalSection
EndGlobal
